
Microsoft Visual Studio Solution File, Format Version 12.00
# Visual Studio 15
VisualStudioVersion = 15.0.28307.1738
MinimumVisualStudioVersion = 10.0.40219.1
Project("{FAE04EC0-301F-11D3-BF4B-00C04F79EFBC}") = "CeVIO AI Connector", "CeVIO AI Connector\CeVIO AI Connector.csproj", "{4BFD2715-85F2-47A4-AE7C-0383FF16E6C3}"
EndProject
Global
	GlobalSection(SolutionConfigurationPlatforms) = preSolution
		Debug|Any CPU = Debug|Any CPU
		Release|Any CPU = Release|Any CPU
	EndGlobalSection
	GlobalSection(ProjectConfigurationPlatforms) = postSolution
		{4BFD2715-85F2-47A4-AE7C-0383FF16E6C3}.Debug|Any CPU.ActiveCfg = Debug|Any CPU
		{4BFD2715-85F2-47A4-AE7C-0383FF16E6C3}.Debug|Any CPU.Build.0 = Debug|Any CPU
		{4BFD2715-85F2-47A4-AE7C-0383FF16E6C3}.Release|Any CPU.ActiveCfg = Release|Any CPU
		{4BFD2715-85F2-47A4-AE7C-0383FF16E6C3}.Release|Any CPU.Build.0 = Release|Any CPU
	EndGlobalSection
	GlobalSection(SolutionProperties) = preSolution
		HideSolutionNode = FALSE
	EndGlobalSection
	GlobalSection(ExtensibilityGlobals) = postSolution
		SolutionGuid = {A4E9095C-F7A0-45E2-B44D-CCA90D083DF3}
	EndGlobalSection
EndGlobal
